{
  "object": {
    "pins": [
      {
        "package": "PartialSheet",
        "repositoryURL": "https://github.com/AndreaMiotto/PartialSheet.git",
        "state": {
          "branch": null,
          "revision": "936465232b6399e402e79d5b031622af9a5e9960",
          "version": "2.1.11"
        }
      },
      {
        "package": "SwiftUIListSeparator",
        "repositoryURL": "https://github.com/SchmidtyApps/SwiftUIListSeparator",
        "state": {
          "branch": null,
          "revision": "4761aa9ec6142d348adc570fdb55f5cf19400f1a",
          "version": "1.0.0"
        }
      }
    ]
  },
  "version": 1
}
