PODS:
  - Alamofire (5.4.1)
  - ASCollectionView-SwiftUI (1.7.1):
    - DifferenceKit (~> 1.1)
  - DifferenceKit (1.1.5):
    - DifferenceKit/Core (= 1.1.5)
    - DifferenceKit/UIKitExtension (= 1.1.5)
  - DifferenceKit/Core (1.1.5)
  - DifferenceKit/UIKitExtension (1.1.5):
    - DifferenceKit/Core
  - KYDrawerController (2.1.0)
  - ProgressHUD (13.4)
  - SDWebImage (5.10.4):
    - SDWebImage/Core (= 5.10.4)
  - SDWebImage/Core (5.10.4)
  - SDWebImageSwiftUI (1.5.0):
    - SDWebImage (~> 5.7)

DEPENDENCIES:
  - Alamofire (~> 5.2)
  - ASCollectionView-SwiftUI (~> 1.3)
  - KYDrawerController
  - ProgressHUD
  - SDWebImageSwiftUI

SPEC REPOS:
  trunk:
    - Alamofire
    - ASCollectionView-SwiftUI
    - DifferenceKit
    - KYDrawerController
    - ProgressHUD
    - SDWebImage
    - SDWebImageSwiftUI

SPEC CHECKSUMS:
  Alamofire: 2291f7d21ca607c491dd17642e5d40fdcda0e65c
  ASCollectionView-SwiftUI: 9c24b5293f22e565619edeac39f99de398ce9874
  DifferenceKit: 516f12e336ed65a3a0665847b5c3cb5cad4bd4ea
  KYDrawerController: baad0e63b09c0cb564bd48f0f7f70f45d9176ebc
  ProgressHUD: 137a7fc677487c5581668f4490563124fb35c232
  SDWebImage: c666b97e1fa9c64b4909816a903322018f0a9c84
  SDWebImageSwiftUI: 43687ffe232ddd33fe0659498b7ca9884fdd6b35

PODFILE CHECKSUM: 0c86d4bce2df93876e153b8e8b87bbdd615d5e67

COCOAPODS: 1.10.1
