// !$*UTF8*$!
{
	archiveVersion = 1;
	classes = {
	};
	objectVersion = 52;
	objects = {

/* Begin PBXBuildFile section */
		2A39F3F87785F335B97BF24C /* Pods_My_Counter.framework in Frameworks */ = {isa = PBXBuildFile; fileRef = EB541778B7D713A85A8F7C98 /* Pods_My_Counter.framework */; };
		FB2A463D2622AD1A00BD7AFB /* HistoryView.swift in Sources */ = {isa = PBXBuildFile; fileRef = FB2A463C2622AD1A00BD7AFB /* HistoryView.swift */; };
		FB2A46402622B52B00BD7AFB /* Date+Extension.swift in Sources */ = {isa = PBXBuildFile; fileRef = FB2A463F2622B52B00BD7AFB /* Date+Extension.swift */; };
		FB2F37502609D4AC004629A4 /* HomeViewModel.swift in Sources */ = {isa = PBXBuildFile; fileRef = FB2F374F2609D4AC004629A4 /* HomeViewModel.swift */; };
		FB2F37532609E685004629A4 /* TemplateCollectionView.swift in Sources */ = {isa = PBXBuildFile; fileRef = FB2F37522609E685004629A4 /* TemplateCollectionView.swift */; };
		FB2F37582609E7DA004629A4 /* Strings.swift in Sources */ = {isa = PBXBuildFile; fileRef = FB2F37572609E7D9004629A4 /* Strings.swift */; };
		FB4916AE2609EA4600B64148 /* ProfileMenuView.swift in Sources */ = {isa = PBXBuildFile; fileRef = FB4916AD2609EA4600B64148 /* ProfileMenuView.swift */; };
		FB50017F26124DB700D17411 /* CheckView.swift in Sources */ = {isa = PBXBuildFile; fileRef = FB50017E26124DB700D17411 /* CheckView.swift */; };
		FB50018226124DD100D17411 /* MainButtonView.swift in Sources */ = {isa = PBXBuildFile; fileRef = FB50018126124DD100D17411 /* MainButtonView.swift */; };
		FB5A78AB26097FA6003BDD6A /* CountView.swift in Sources */ = {isa = PBXBuildFile; fileRef = FB5A78AA26097FA6003BDD6A /* CountView.swift */; };
		FB5A78B22609802D003BDD6A /* HomeView.swift in Sources */ = {isa = PBXBuildFile; fileRef = FB5A78B12609802D003BDD6A /* HomeView.swift */; };
		FB5A78C526098159003BDD6A /* LaunchView.swift in Sources */ = {isa = PBXBuildFile; fileRef = FB5A78C426098159003BDD6A /* LaunchView.swift */; };
		FB5A78C8260982A3003BDD6A /* MenuView.swift in Sources */ = {isa = PBXBuildFile; fileRef = FB5A78C7260982A3003BDD6A /* MenuView.swift */; };
		FB683C9426204D80006FDE43 /* SwiftUIListSeparator in Frameworks */ = {isa = PBXBuildFile; productRef = FB683C9326204D80006FDE43 /* SwiftUIListSeparator */; };
		FB6A18DC26257CFA00BAD0CB /* ProfileView.swift in Sources */ = {isa = PBXBuildFile; fileRef = FB6A18DB26257CFA00BAD0CB /* ProfileView.swift */; };
		FB6A18E026257D0A00BAD0CB /* ProfileViewModel.swift in Sources */ = {isa = PBXBuildFile; fileRef = FB6A18DF26257D0A00BAD0CB /* ProfileViewModel.swift */; };
		FB6A1908262583AB00BAD0CB /* ProfileUIKitView.swift in Sources */ = {isa = PBXBuildFile; fileRef = FB6A1907262583AB00BAD0CB /* ProfileUIKitView.swift */; };
		FB6A195C262592EB00BAD0CB /* RatingView.swift in Sources */ = {isa = PBXBuildFile; fileRef = FB6A195B262592EB00BAD0CB /* RatingView.swift */; };
		FB80A2882627DB36005BC419 /* ThenSwift.swift in Sources */ = {isa = PBXBuildFile; fileRef = FB80A2872627DB36005BC419 /* ThenSwift.swift */; };
		FB80A2B62627F803005BC419 /* OpenCVWrapper.mm in Sources */ = {isa = PBXBuildFile; fileRef = FB80A2B52627F803005BC419 /* OpenCVWrapper.mm */; };
		FB80A2E9262847C1005BC419 /* BoxResponse.swift in Sources */ = {isa = PBXBuildFile; fileRef = FB80A2E8262847C1005BC419 /* BoxResponse.swift */; };
		FB80A2EC26284ACA005BC419 /* Dictionary+JSON.swift in Sources */ = {isa = PBXBuildFile; fileRef = FB80A2EB26284ACA005BC419 /* Dictionary+JSON.swift */; };
		FB80A2EF26284F34005BC419 /* CircleShape.swift in Sources */ = {isa = PBXBuildFile; fileRef = FB80A2EE26284F34005BC419 /* CircleShape.swift */; };
		FB8AA20B26098E8100C7C0D2 /* PartialSheet in Frameworks */ = {isa = PBXBuildFile; productRef = FB8AA20A26098E8100C7C0D2 /* PartialSheet */; };
		FB8AA2122609944F00C7C0D2 /* TemplateCell.swift in Sources */ = {isa = PBXBuildFile; fileRef = FB8AA2112609944F00C7C0D2 /* TemplateCell.swift */; };
		FB8AA2162609947100C7C0D2 /* Template.swift in Sources */ = {isa = PBXBuildFile; fileRef = FB8AA2152609947100C7C0D2 /* Template.swift */; };
		FB8AA26E26099A5200C7C0D2 /* CountViewModel.swift in Sources */ = {isa = PBXBuildFile; fileRef = FB8AA26D26099A5200C7C0D2 /* CountViewModel.swift */; };
		FB92D8732622BC8000599B59 /* CountHistory.swift in Sources */ = {isa = PBXBuildFile; fileRef = FB92D8722622BC8000599B59 /* CountHistory.swift */; };
		FB92D87A2622D97600599B59 /* PreviewImage.swift in Sources */ = {isa = PBXBuildFile; fileRef = FB92D8792622D97600599B59 /* PreviewImage.swift */; };
		FB92D8A12622DDC100599B59 /* HistoryViewModel.swift in Sources */ = {isa = PBXBuildFile; fileRef = FB92D8A02622DDC100599B59 /* HistoryViewModel.swift */; };
		FB92D8A52622E02100599B59 /* HistoryRow.swift in Sources */ = {isa = PBXBuildFile; fileRef = FB92D8A42622E02100599B59 /* HistoryRow.swift */; };
		FB9703F126141F7E00FB1319 /* AddTemplateView.swift in Sources */ = {isa = PBXBuildFile; fileRef = FB9703F026141F7E00FB1319 /* AddTemplateView.swift */; };
		FB9703F426144A9B00FB1319 /* TextSize16.swift in Sources */ = {isa = PBXBuildFile; fileRef = FB9703F326144A9B00FB1319 /* TextSize16.swift */; };
		FB9703F726144AFF00FB1319 /* MenuActionRowView.swift in Sources */ = {isa = PBXBuildFile; fileRef = FB9703F626144AFF00FB1319 /* MenuActionRowView.swift */; };
		FB9703FA26144D2F00FB1319 /* AddTemplateViewModel.swift in Sources */ = {isa = PBXBuildFile; fileRef = FB9703F926144D2F00FB1319 /* AddTemplateViewModel.swift */; };
		FB9703FD26144E6E00FB1319 /* FirebaseManager.swift in Sources */ = {isa = PBXBuildFile; fileRef = FB9703FC26144E6E00FB1319 /* FirebaseManager.swift */; };
		FB970431261459B700FB1319 /* TemplateListView.swift in Sources */ = {isa = PBXBuildFile; fileRef = FB970430261459B700FB1319 /* TemplateListView.swift */; };
		FB97043526145C2A00FB1319 /* TemplateListViewModel.swift in Sources */ = {isa = PBXBuildFile; fileRef = FB97043426145C2A00FB1319 /* TemplateListViewModel.swift */; };
		FB97043926145CA700FB1319 /* TemplateRow.swift in Sources */ = {isa = PBXBuildFile; fileRef = FB97043826145CA700FB1319 /* TemplateRow.swift */; };
		FBACF9522660B2F6003BE961 /* String+Extension.swift in Sources */ = {isa = PBXBuildFile; fileRef = FBACF9512660B2F6003BE961 /* String+Extension.swift */; };
		FBAD74E32608D86E00A22FF6 /* PhotoPickerView.swift in Sources */ = {isa = PBXBuildFile; fileRef = FBAD74E22608D86E00A22FF6 /* PhotoPickerView.swift */; };
		FBAD74EB2608DAE200A22FF6 /* View+Hidden.swift in Sources */ = {isa = PBXBuildFile; fileRef = FBAD74EA2608DAE200A22FF6 /* View+Hidden.swift */; };
		FBAD74EE2608DB6800A22FF6 /* Config.swift in Sources */ = {isa = PBXBuildFile; fileRef = FBAD74ED2608DB6800A22FF6 /* Config.swift */; };
		FBAD74F12608DDA600A22FF6 /* API.swift in Sources */ = {isa = PBXBuildFile; fileRef = FBAD74F02608DDA600A22FF6 /* API.swift */; };
		FBAD74FA2608E40500A22FF6 /* UIImage+Extension.swift in Sources */ = {isa = PBXBuildFile; fileRef = FBAD74F92608E40500A22FF6 /* UIImage+Extension.swift */; };
		FBAD74FE26097CF800A22FF6 /* UIViewControllerHolder.swift in Sources */ = {isa = PBXBuildFile; fileRef = FBAD74FD26097CF800A22FF6 /* UIViewControllerHolder.swift */; };
		FBC8ECC82621D631006AA9D2 /* CountError.swift in Sources */ = {isa = PBXBuildFile; fileRef = FBC8ECC72621D631006AA9D2 /* CountError.swift */; };
		FBC8ECCB2621D643006AA9D2 /* CommonResponse.swift in Sources */ = {isa = PBXBuildFile; fileRef = FBC8ECCA2621D643006AA9D2 /* CommonResponse.swift */; };
		FBC8ECCE2621D64F006AA9D2 /* UploadResponse.swift in Sources */ = {isa = PBXBuildFile; fileRef = FBC8ECCD2621D64F006AA9D2 /* UploadResponse.swift */; };
		FBC8ECD32621D67A006AA9D2 /* CountResponse.swift in Sources */ = {isa = PBXBuildFile; fileRef = FBC8ECD22621D67A006AA9D2 /* CountResponse.swift */; };
		FBC8ECD62621D74E006AA9D2 /* BaseResponse.swift in Sources */ = {isa = PBXBuildFile; fileRef = FBC8ECD52621D74E006AA9D2 /* BaseResponse.swift */; };
		FBE97F3626221C6F001D34EE /* ActivityIndicator.swift in Sources */ = {isa = PBXBuildFile; fileRef = FBE97F3526221C6F001D34EE /* ActivityIndicator.swift */; };
		FBE97F3926221C89001D34EE /* TextInputAutoHeight.swift in Sources */ = {isa = PBXBuildFile; fileRef = FBE97F3826221C89001D34EE /* TextInputAutoHeight.swift */; };
		FBE97F3C26221CE0001D34EE /* UITextInputWrapper.swift in Sources */ = {isa = PBXBuildFile; fileRef = FBE97F3B26221CE0001D34EE /* UITextInputWrapper.swift */; };
		FBE97F3F26221E3E001D34EE /* UITextView+Extension.swift in Sources */ = {isa = PBXBuildFile; fileRef = FBE97F3E26221E3E001D34EE /* UITextView+Extension.swift */; };
		FBEA7BDB265F9CF100F03327 /* CountMethod.swift in Sources */ = {isa = PBXBuildFile; fileRef = FBEA7BDA265F9CF100F03327 /* CountMethod.swift */; };
		FBED48062612597700AF0BD4 /* MenuViewModel.swift in Sources */ = {isa = PBXBuildFile; fileRef = FBED48052612597700AF0BD4 /* MenuViewModel.swift */; };
		FBED4809261259E800AF0BD4 /* UserLogin.swift in Sources */ = {isa = PBXBuildFile; fileRef = FBED4808261259E800AF0BD4 /* UserLogin.swift */; };
		FBED480C26125A3100AF0BD4 /* MenuHandler.swift in Sources */ = {isa = PBXBuildFile; fileRef = FBED480B26125A3100AF0BD4 /* MenuHandler.swift */; };
		FBED481026125B2B00AF0BD4 /* LoginView.swift in Sources */ = {isa = PBXBuildFile; fileRef = FBED480F26125B2B00AF0BD4 /* LoginView.swift */; };
		FBED481426125B6B00AF0BD4 /* LoginViewModel.swift in Sources */ = {isa = PBXBuildFile; fileRef = FBED481326125B6B00AF0BD4 /* LoginViewModel.swift */; };
		FBED481726125B8700AF0BD4 /* Constants.swift in Sources */ = {isa = PBXBuildFile; fileRef = FBED481626125B8700AF0BD4 /* Constants.swift */; };
		FBED481B26125C8900AF0BD4 /* MainTextFiled.swift in Sources */ = {isa = PBXBuildFile; fileRef = FBED481A26125C8900AF0BD4 /* MainTextFiled.swift */; };
		FBED481F26125CB200AF0BD4 /* TextSize12.swift in Sources */ = {isa = PBXBuildFile; fileRef = FBED481E26125CB200AF0BD4 /* TextSize12.swift */; };
		FBED482326125CF900AF0BD4 /* SecureTextFiled.swift in Sources */ = {isa = PBXBuildFile; fileRef = FBED482226125CF900AF0BD4 /* SecureTextFiled.swift */; };
		FBED482626125D7800AF0BD4 /* UIColor+Extension.swift in Sources */ = {isa = PBXBuildFile; fileRef = FBED482526125D7800AF0BD4 /* UIColor+Extension.swift */; };
		FBED4833261264E900AF0BD4 /* Color+Extension.swift in Sources */ = {isa = PBXBuildFile; fileRef = FBED4832261264E900AF0BD4 /* Color+Extension.swift */; };
		FBED48362612665D00AF0BD4 /* RectangleButton.swift in Sources */ = {isa = PBXBuildFile; fileRef = FBED48352612665D00AF0BD4 /* RectangleButton.swift */; };
		FBED48392612673800AF0BD4 /* TextSize14.swift in Sources */ = {isa = PBXBuildFile; fileRef = FBED48382612673800AF0BD4 /* TextSize14.swift */; };
		FBED483D2612F1B700AF0BD4 /* RegisterView.swift in Sources */ = {isa = PBXBuildFile; fileRef = FBED483C2612F1B700AF0BD4 /* RegisterView.swift */; };
		FBED48422612F26D00AF0BD4 /* ResetPasswordView.swift in Sources */ = {isa = PBXBuildFile; fileRef = FBED48412612F26D00AF0BD4 /* ResetPasswordView.swift */; };
		FBED48462612F4C200AF0BD4 /* Colors.swift in Sources */ = {isa = PBXBuildFile; fileRef = FBED48452612F4C200AF0BD4 /* Colors.swift */; };
		FBED4855261303DA00AF0BD4 /* User.swift in Sources */ = {isa = PBXBuildFile; fileRef = FBED4854261303DA00AF0BD4 /* User.swift */; };
		FBED487B26134E4900AF0BD4 /* GoogleService-Info.plist in Resources */ = {isa = PBXBuildFile; fileRef = FBED487A26134E4900AF0BD4 /* GoogleService-Info.plist */; };
		FBF4A4292608D6780012020C /* AppDelegate.swift in Sources */ = {isa = PBXBuildFile; fileRef = FBF4A4282608D6780012020C /* AppDelegate.swift */; };
		FBF4A42B2608D6780012020C /* SceneDelegate.swift in Sources */ = {isa = PBXBuildFile; fileRef = FBF4A42A2608D6780012020C /* SceneDelegate.swift */; };
		FBF4A42D2608D6780012020C /* ContentView.swift in Sources */ = {isa = PBXBuildFile; fileRef = FBF4A42C2608D6780012020C /* ContentView.swift */; };
		FBF4A42F2608D67A0012020C /* Assets.xcassets in Resources */ = {isa = PBXBuildFile; fileRef = FBF4A42E2608D67A0012020C /* Assets.xcassets */; };
		FBF4A4322608D67A0012020C /* Preview Assets.xcassets in Resources */ = {isa = PBXBuildFile; fileRef = FBF4A4312608D67A0012020C /* Preview Assets.xcassets */; };
		FBF4A4352608D67A0012020C /* LaunchScreen.storyboard in Resources */ = {isa = PBXBuildFile; fileRef = FBF4A4332608D67A0012020C /* LaunchScreen.storyboard */; };
/* End PBXBuildFile section */

/* Begin PBXFileReference section */
		573B9A88502A9B5DE04D2ECE /* Pods-My Counter.release.xcconfig */ = {isa = PBXFileReference; includeInIndex = 1; lastKnownFileType = text.xcconfig; name = "Pods-My Counter.release.xcconfig"; path = "Target Support Files/Pods-My Counter/Pods-My Counter.release.xcconfig"; sourceTree = "<group>"; };
		901CF62BA4A7F6B67C2865DF /* Pods-My Counter.debug.xcconfig */ = {isa = PBXFileReference; includeInIndex = 1; lastKnownFileType = text.xcconfig; name = "Pods-My Counter.debug.xcconfig"; path = "Target Support Files/Pods-My Counter/Pods-My Counter.debug.xcconfig"; sourceTree = "<group>"; };
		EB541778B7D713A85A8F7C98 /* Pods_My_Counter.framework */ = {isa = PBXFileReference; explicitFileType = wrapper.framework; includeInIndex = 0; path = Pods_My_Counter.framework; sourceTree = BUILT_PRODUCTS_DIR; };
		FB2A463C2622AD1A00BD7AFB /* HistoryView.swift */ = {isa = PBXFileReference; lastKnownFileType = sourcecode.swift; path = HistoryView.swift; sourceTree = "<group>"; };
		FB2A463F2622B52B00BD7AFB /* Date+Extension.swift */ = {isa = PBXFileReference; lastKnownFileType = sourcecode.swift; path = "Date+Extension.swift"; sourceTree = "<group>"; };
		FB2F374F2609D4AC004629A4 /* HomeViewModel.swift */ = {isa = PBXFileReference; lastKnownFileType = sourcecode.swift; path = HomeViewModel.swift; sourceTree = "<group>"; };
		FB2F37522609E685004629A4 /* TemplateCollectionView.swift */ = {isa = PBXFileReference; lastKnownFileType = sourcecode.swift; path = TemplateCollectionView.swift; sourceTree = "<group>"; };
		FB2F37572609E7D9004629A4 /* Strings.swift */ = {isa = PBXFileReference; lastKnownFileType = sourcecode.swift; path = Strings.swift; sourceTree = "<group>"; };
		FB4916AD2609EA4600B64148 /* ProfileMenuView.swift */ = {isa = PBXFileReference; lastKnownFileType = sourcecode.swift; path = ProfileMenuView.swift; sourceTree = "<group>"; };
		FB50017E26124DB700D17411 /* CheckView.swift */ = {isa = PBXFileReference; lastKnownFileType = sourcecode.swift; path = CheckView.swift; sourceTree = "<group>"; };
		FB50018126124DD100D17411 /* MainButtonView.swift */ = {isa = PBXFileReference; lastKnownFileType = sourcecode.swift; path = MainButtonView.swift; sourceTree = "<group>"; };
		FB5A78AA26097FA6003BDD6A /* CountView.swift */ = {isa = PBXFileReference; lastKnownFileType = sourcecode.swift; path = CountView.swift; sourceTree = "<group>"; };
		FB5A78B12609802D003BDD6A /* HomeView.swift */ = {isa = PBXFileReference; lastKnownFileType = sourcecode.swift; path = HomeView.swift; sourceTree = "<group>"; };
		FB5A78C426098159003BDD6A /* LaunchView.swift */ = {isa = PBXFileReference; lastKnownFileType = sourcecode.swift; path = LaunchView.swift; sourceTree = "<group>"; };
		FB5A78C7260982A3003BDD6A /* MenuView.swift */ = {isa = PBXFileReference; lastKnownFileType = sourcecode.swift; path = MenuView.swift; sourceTree = "<group>"; };
		FB6A18DB26257CFA00BAD0CB /* ProfileView.swift */ = {isa = PBXFileReference; lastKnownFileType = sourcecode.swift; path = ProfileView.swift; sourceTree = "<group>"; };
		FB6A18DF26257D0A00BAD0CB /* ProfileViewModel.swift */ = {isa = PBXFileReference; lastKnownFileType = sourcecode.swift; path = ProfileViewModel.swift; sourceTree = "<group>"; };
		FB6A1907262583AB00BAD0CB /* ProfileUIKitView.swift */ = {isa = PBXFileReference; lastKnownFileType = sourcecode.swift; path = ProfileUIKitView.swift; sourceTree = "<group>"; };
		FB6A195B262592EB00BAD0CB /* RatingView.swift */ = {isa = PBXFileReference; lastKnownFileType = sourcecode.swift; path = RatingView.swift; sourceTree = "<group>"; };
		FB80A2872627DB36005BC419 /* ThenSwift.swift */ = {isa = PBXFileReference; lastKnownFileType = sourcecode.swift; path = ThenSwift.swift; sourceTree = "<group>"; };
		FB80A2B32627F7CE005BC419 /* OpenCVWrapper.h */ = {isa = PBXFileReference; lastKnownFileType = sourcecode.c.h; path = OpenCVWrapper.h; sourceTree = "<group>"; };
		FB80A2B42627F803005BC419 /* My Counter-Bridging-Header.h */ = {isa = PBXFileReference; lastKnownFileType = sourcecode.c.h; path = "My Counter-Bridging-Header.h"; sourceTree = "<group>"; };
		FB80A2B52627F803005BC419 /* OpenCVWrapper.mm */ = {isa = PBXFileReference; explicitFileType = sourcecode.cpp.objcpp; path = OpenCVWrapper.mm; sourceTree = "<group>"; };
		FB80A2E8262847C1005BC419 /* BoxResponse.swift */ = {isa = PBXFileReference; lastKnownFileType = sourcecode.swift; path = BoxResponse.swift; sourceTree = "<group>"; };
		FB80A2EB26284ACA005BC419 /* Dictionary+JSON.swift */ = {isa = PBXFileReference; lastKnownFileType = sourcecode.swift; path = "Dictionary+JSON.swift"; sourceTree = "<group>"; };
		FB80A2EE26284F34005BC419 /* CircleShape.swift */ = {isa = PBXFileReference; lastKnownFileType = sourcecode.swift; path = CircleShape.swift; sourceTree = "<group>"; };
		FB8AA2112609944F00C7C0D2 /* TemplateCell.swift */ = {isa = PBXFileReference; lastKnownFileType = sourcecode.swift; path = TemplateCell.swift; sourceTree = "<group>"; };
		FB8AA2152609947100C7C0D2 /* Template.swift */ = {isa = PBXFileReference; lastKnownFileType = sourcecode.swift; path = Template.swift; sourceTree = "<group>"; };
		FB8AA26D26099A5200C7C0D2 /* CountViewModel.swift */ = {isa = PBXFileReference; lastKnownFileType = sourcecode.swift; path = CountViewModel.swift; sourceTree = "<group>"; };
		FB92D8722622BC8000599B59 /* CountHistory.swift */ = {isa = PBXFileReference; lastKnownFileType = sourcecode.swift; path = CountHistory.swift; sourceTree = "<group>"; };
		FB92D8792622D97600599B59 /* PreviewImage.swift */ = {isa = PBXFileReference; lastKnownFileType = sourcecode.swift; path = PreviewImage.swift; sourceTree = "<group>"; };
		FB92D8A02622DDC100599B59 /* HistoryViewModel.swift */ = {isa = PBXFileReference; lastKnownFileType = sourcecode.swift; path = HistoryViewModel.swift; sourceTree = "<group>"; };
		FB92D8A42622E02100599B59 /* HistoryRow.swift */ = {isa = PBXFileReference; lastKnownFileType = sourcecode.swift; path = HistoryRow.swift; sourceTree = "<group>"; };
		FB9703F026141F7E00FB1319 /* AddTemplateView.swift */ = {isa = PBXFileReference; lastKnownFileType = sourcecode.swift; path = AddTemplateView.swift; sourceTree = "<group>"; };
		FB9703F326144A9B00FB1319 /* TextSize16.swift */ = {isa = PBXFileReference; lastKnownFileType = sourcecode.swift; path = TextSize16.swift; sourceTree = "<group>"; };
		FB9703F626144AFF00FB1319 /* MenuActionRowView.swift */ = {isa = PBXFileReference; lastKnownFileType = sourcecode.swift; path = MenuActionRowView.swift; sourceTree = "<group>"; };
		FB9703F926144D2F00FB1319 /* AddTemplateViewModel.swift */ = {isa = PBXFileReference; lastKnownFileType = sourcecode.swift; path = AddTemplateViewModel.swift; sourceTree = "<group>"; };
		FB9703FC26144E6E00FB1319 /* FirebaseManager.swift */ = {isa = PBXFileReference; lastKnownFileType = sourcecode.swift; path = FirebaseManager.swift; sourceTree = "<group>"; };
		FB970430261459B700FB1319 /* TemplateListView.swift */ = {isa = PBXFileReference; lastKnownFileType = sourcecode.swift; path = TemplateListView.swift; sourceTree = "<group>"; };
		FB97043426145C2A00FB1319 /* TemplateListViewModel.swift */ = {isa = PBXFileReference; lastKnownFileType = sourcecode.swift; path = TemplateListViewModel.swift; sourceTree = "<group>"; };
		FB97043826145CA700FB1319 /* TemplateRow.swift */ = {isa = PBXFileReference; lastKnownFileType = sourcecode.swift; path = TemplateRow.swift; sourceTree = "<group>"; };
		FBACF9512660B2F6003BE961 /* String+Extension.swift */ = {isa = PBXFileReference; lastKnownFileType = sourcecode.swift; path = "String+Extension.swift"; sourceTree = "<group>"; };
		FBAD74E22608D86E00A22FF6 /* PhotoPickerView.swift */ = {isa = PBXFileReference; lastKnownFileType = sourcecode.swift; path = PhotoPickerView.swift; sourceTree = "<group>"; };
		FBAD74EA2608DAE200A22FF6 /* View+Hidden.swift */ = {isa = PBXFileReference; lastKnownFileType = sourcecode.swift; path = "View+Hidden.swift"; sourceTree = "<group>"; };
		FBAD74ED2608DB6800A22FF6 /* Config.swift */ = {isa = PBXFileReference; lastKnownFileType = sourcecode.swift; path = Config.swift; sourceTree = "<group>"; };
		FBAD74F02608DDA600A22FF6 /* API.swift */ = {isa = PBXFileReference; lastKnownFileType = sourcecode.swift; path = API.swift; sourceTree = "<group>"; };
		FBAD74F92608E40500A22FF6 /* UIImage+Extension.swift */ = {isa = PBXFileReference; lastKnownFileType = sourcecode.swift; path = "UIImage+Extension.swift"; sourceTree = "<group>"; };
		FBAD74FD26097CF800A22FF6 /* UIViewControllerHolder.swift */ = {isa = PBXFileReference; lastKnownFileType = sourcecode.swift; path = UIViewControllerHolder.swift; sourceTree = "<group>"; };
		FBC8ECC72621D631006AA9D2 /* CountError.swift */ = {isa = PBXFileReference; lastKnownFileType = sourcecode.swift; path = CountError.swift; sourceTree = "<group>"; };
		FBC8ECCA2621D643006AA9D2 /* CommonResponse.swift */ = {isa = PBXFileReference; lastKnownFileType = sourcecode.swift; path = CommonResponse.swift; sourceTree = "<group>"; };
		FBC8ECCD2621D64F006AA9D2 /* UploadResponse.swift */ = {isa = PBXFileReference; lastKnownFileType = sourcecode.swift; path = UploadResponse.swift; sourceTree = "<group>"; };
		FBC8ECD22621D67A006AA9D2 /* CountResponse.swift */ = {isa = PBXFileReference; lastKnownFileType = sourcecode.swift; path = CountResponse.swift; sourceTree = "<group>"; };
		FBC8ECD52621D74E006AA9D2 /* BaseResponse.swift */ = {isa = PBXFileReference; lastKnownFileType = sourcecode.swift; path = BaseResponse.swift; sourceTree = "<group>"; };
		FBE97F3526221C6F001D34EE /* ActivityIndicator.swift */ = {isa = PBXFileReference; lastKnownFileType = sourcecode.swift; path = ActivityIndicator.swift; sourceTree = "<group>"; };
		FBE97F3826221C89001D34EE /* TextInputAutoHeight.swift */ = {isa = PBXFileReference; lastKnownFileType = sourcecode.swift; path = TextInputAutoHeight.swift; sourceTree = "<group>"; };
		FBE97F3B26221CE0001D34EE /* UITextInputWrapper.swift */ = {isa = PBXFileReference; lastKnownFileType = sourcecode.swift; path = UITextInputWrapper.swift; sourceTree = "<group>"; };
		FBE97F3E26221E3E001D34EE /* UITextView+Extension.swift */ = {isa = PBXFileReference; lastKnownFileType = sourcecode.swift; path = "UITextView+Extension.swift"; sourceTree = "<group>"; };
		FBEA7BDA265F9CF100F03327 /* CountMethod.swift */ = {isa = PBXFileReference; lastKnownFileType = sourcecode.swift; path = CountMethod.swift; sourceTree = "<group>"; };
		FBED48052612597700AF0BD4 /* MenuViewModel.swift */ = {isa = PBXFileReference; lastKnownFileType = sourcecode.swift; path = MenuViewModel.swift; sourceTree = "<group>"; };
		FBED4808261259E800AF0BD4 /* UserLogin.swift */ = {isa = PBXFileReference; lastKnownFileType = sourcecode.swift; path = UserLogin.swift; sourceTree = "<group>"; };
		FBED480B26125A3100AF0BD4 /* MenuHandler.swift */ = {isa = PBXFileReference; lastKnownFileType = sourcecode.swift; path = MenuHandler.swift; sourceTree = "<group>"; };
		FBED480F26125B2B00AF0BD4 /* LoginView.swift */ = {isa = PBXFileReference; lastKnownFileType = sourcecode.swift; path = LoginView.swift; sourceTree = "<group>"; };
		FBED481326125B6B00AF0BD4 /* LoginViewModel.swift */ = {isa = PBXFileReference; lastKnownFileType = sourcecode.swift; path = LoginViewModel.swift; sourceTree = "<group>"; };
		FBED481626125B8700AF0BD4 /* Constants.swift */ = {isa = PBXFileReference; lastKnownFileType = sourcecode.swift; path = Constants.swift; sourceTree = "<group>"; };
		FBED481A26125C8900AF0BD4 /* MainTextFiled.swift */ = {isa = PBXFileReference; lastKnownFileType = sourcecode.swift; path = MainTextFiled.swift; sourceTree = "<group>"; };
		FBED481E26125CB200AF0BD4 /* TextSize12.swift */ = {isa = PBXFileReference; lastKnownFileType = sourcecode.swift; path = TextSize12.swift; sourceTree = "<group>"; };
		FBED482226125CF900AF0BD4 /* SecureTextFiled.swift */ = {isa = PBXFileReference; lastKnownFileType = sourcecode.swift; path = SecureTextFiled.swift; sourceTree = "<group>"; };
		FBED482526125D7800AF0BD4 /* UIColor+Extension.swift */ = {isa = PBXFileReference; lastKnownFileType = sourcecode.swift; path = "UIColor+Extension.swift"; sourceTree = "<group>"; };
		FBED4832261264E900AF0BD4 /* Color+Extension.swift */ = {isa = PBXFileReference; lastKnownFileType = sourcecode.swift; path = "Color+Extension.swift"; sourceTree = "<group>"; };
		FBED48352612665D00AF0BD4 /* RectangleButton.swift */ = {isa = PBXFileReference; lastKnownFileType = sourcecode.swift; path = RectangleButton.swift; sourceTree = "<group>"; };
		FBED48382612673800AF0BD4 /* TextSize14.swift */ = {isa = PBXFileReference; lastKnownFileType = sourcecode.swift; path = TextSize14.swift; sourceTree = "<group>"; };
		FBED483C2612F1B700AF0BD4 /* RegisterView.swift */ = {isa = PBXFileReference; lastKnownFileType = sourcecode.swift; path = RegisterView.swift; sourceTree = "<group>"; };
		FBED48412612F26D00AF0BD4 /* ResetPasswordView.swift */ = {isa = PBXFileReference; lastKnownFileType = sourcecode.swift; path = ResetPasswordView.swift; sourceTree = "<group>"; };
		FBED48452612F4C200AF0BD4 /* Colors.swift */ = {isa = PBXFileReference; lastKnownFileType = sourcecode.swift; path = Colors.swift; sourceTree = "<group>"; };
		FBED4854261303DA00AF0BD4 /* User.swift */ = {isa = PBXFileReference; lastKnownFileType = sourcecode.swift; path = User.swift; sourceTree = "<group>"; };
		FBED487A26134E4900AF0BD4 /* GoogleService-Info.plist */ = {isa = PBXFileReference; fileEncoding = 4; lastKnownFileType = text.plist.xml; path = "GoogleService-Info.plist"; sourceTree = "<group>"; };
		FBF4A4252608D6780012020C /* My Counter.app */ = {isa = PBXFileReference; explicitFileType = wrapper.application; includeInIndex = 0; path = "My Counter.app"; sourceTree = BUILT_PRODUCTS_DIR; };
		FBF4A4282608D6780012020C /* AppDelegate.swift */ = {isa = PBXFileReference; lastKnownFileType = sourcecode.swift; path = AppDelegate.swift; sourceTree = "<group>"; };
		FBF4A42A2608D6780012020C /* SceneDelegate.swift */ = {isa = PBXFileReference; lastKnownFileType = sourcecode.swift; path = SceneDelegate.swift; sourceTree = "<group>"; };
		FBF4A42C2608D6780012020C /* ContentView.swift */ = {isa = PBXFileReference; lastKnownFileType = sourcecode.swift; path = ContentView.swift; sourceTree = "<group>"; };
		FBF4A42E2608D67A0012020C /* Assets.xcassets */ = {isa = PBXFileReference; lastKnownFileType = folder.assetcatalog; path = Assets.xcassets; sourceTree = "<group>"; };
		FBF4A4312608D67A0012020C /* Preview Assets.xcassets */ = {isa = PBXFileReference; lastKnownFileType = folder.assetcatalog; path = "Preview Assets.xcassets"; sourceTree = "<group>"; };
		FBF4A4342608D67A0012020C /* Base */ = {isa = PBXFileReference; lastKnownFileType = file.storyboard; name = Base; path = Base.lproj/LaunchScreen.storyboard; sourceTree = "<group>"; };
		FBF4A4362608D67A0012020C /* Info.plist */ = {isa = PBXFileReference; lastKnownFileType = text.plist.xml; path = Info.plist; sourceTree = "<group>"; };
/* End PBXFileReference section */

/* Begin PBXFrameworksBuildPhase section */
		FBF4A4222608D6780012020C /* Frameworks */ = {
			isa = PBXFrameworksBuildPhase;
			buildActionMask = 2147483647;
			files = (
				FB683C9426204D80006FDE43 /* SwiftUIListSeparator in Frameworks */,
				FB8AA20B26098E8100C7C0D2 /* PartialSheet in Frameworks */,
				2A39F3F87785F335B97BF24C /* Pods_My_Counter.framework in Frameworks */,
			);
			runOnlyForDeploymentPostprocessing = 0;
		};
/* End PBXFrameworksBuildPhase section */

/* Begin PBXGroup section */
		0D84A5C7823065DE3FABEBA8 /* Frameworks */ = {
			isa = PBXGroup;
			children = (
				EB541778B7D713A85A8F7C98 /* Pods_My_Counter.framework */,
			);
			name = Frameworks;
			sourceTree = "<group>";
		};
		E8D328DFB9095D8F9074BEB6 /* Pods */ = {
			isa = PBXGroup;
			children = (
				901CF62BA4A7F6B67C2865DF /* Pods-My Counter.debug.xcconfig */,
				573B9A88502A9B5DE04D2ECE /* Pods-My Counter.release.xcconfig */,
			);
			path = Pods;
			sourceTree = "<group>";
		};
		FB2A463B2622319900BD7AFB /* History */ = {
			isa = PBXGroup;
			children = (
				FB2A463C2622AD1A00BD7AFB /* HistoryView.swift */,
				FB92D8A32622E01900599B59 /* SubView */,
				FB92D8A02622DDC100599B59 /* HistoryViewModel.swift */,
			);
			path = History;
			sourceTree = "<group>";
		};
		FB2F37552609E693004629A4 /* SubView */ = {
			isa = PBXGroup;
			children = (
				FB8AA2112609944F00C7C0D2 /* TemplateCell.swift */,
				FB2F37522609E685004629A4 /* TemplateCollectionView.swift */,
			);
			path = SubView;
			sourceTree = "<group>";
		};
		FB50017B26124B0100D17411 /* SubView */ = {
			isa = PBXGroup;
			children = (
				FB4916AD2609EA4600B64148 /* ProfileMenuView.swift */,
				FB9703F626144AFF00FB1319 /* MenuActionRowView.swift */,
			);
			path = SubView;
			sourceTree = "<group>";
		};
		FB50017D26124D8D00D17411 /* CommonView */ = {
			isa = PBXGroup;
			children = (
				FB50017E26124DB700D17411 /* CheckView.swift */,
				FB6A195B262592EB00BAD0CB /* RatingView.swift */,
				FBE97F3526221C6F001D34EE /* ActivityIndicator.swift */,
				FBE97F3826221C89001D34EE /* TextInputAutoHeight.swift */,
				FBED482226125CF900AF0BD4 /* SecureTextFiled.swift */,
				FBED481A26125C8900AF0BD4 /* MainTextFiled.swift */,
				FB50018126124DD100D17411 /* MainButtonView.swift */,
				FBED48352612665D00AF0BD4 /* RectangleButton.swift */,
			);
			path = CommonView;
			sourceTree = "<group>";
		};
		FB5A78A926097F84003BDD6A /* Screens */ = {
			isa = PBXGroup;
			children = (
				FB6A18DA26257CF000BAD0CB /* Profile */,
				FB2A463B2622319900BD7AFB /* History */,
				FB97042F261459A700FB1319 /* TemplateList */,
				FB9703EF26141F2700FB1319 /* Add Template */,
				FBED480E26125B2300AF0BD4 /* Login */,
				FB5A78CA26098411003BDD6A /* Menu */,
				FB5A78AF26098014003BDD6A /* Home */,
				FB5A78AD26097FA9003BDD6A /* Count */,
			);
			path = Screens;
			sourceTree = "<group>";
		};
		FB5A78AD26097FA9003BDD6A /* Count */ = {
			isa = PBXGroup;
			children = (
				FB5A78AA26097FA6003BDD6A /* CountView.swift */,
				FB80A2EE26284F34005BC419 /* CircleShape.swift */,
				FB8AA26D26099A5200C7C0D2 /* CountViewModel.swift */,
				FBEA7BDA265F9CF100F03327 /* CountMethod.swift */,
			);
			path = Count;
			sourceTree = "<group>";
		};
		FB5A78AF26098014003BDD6A /* Home */ = {
			isa = PBXGroup;
			children = (
				FB5A78B12609802D003BDD6A /* HomeView.swift */,
				FB2F374F2609D4AC004629A4 /* HomeViewModel.swift */,
				FB2F37552609E693004629A4 /* SubView */,
			);
			path = Home;
			sourceTree = "<group>";
		};
		FB5A78CA26098411003BDD6A /* Menu */ = {
			isa = PBXGroup;
			children = (
				FB5A78C7260982A3003BDD6A /* MenuView.swift */,
				FBED48052612597700AF0BD4 /* MenuViewModel.swift */,
				FB50017B26124B0100D17411 /* SubView */,
			);
			path = Menu;
			sourceTree = "<group>";
		};
		FB6A18DA26257CF000BAD0CB /* Profile */ = {
			isa = PBXGroup;
			children = (
				FB6A18DB26257CFA00BAD0CB /* ProfileView.swift */,
				FB6A1907262583AB00BAD0CB /* ProfileUIKitView.swift */,
				FB6A18DF26257D0A00BAD0CB /* ProfileViewModel.swift */,
			);
			path = Profile;
			sourceTree = "<group>";
		};
		FB80A2B12627F7AA005BC419 /* Wrapper */ = {
			isa = PBXGroup;
			children = (
				FB80A2B32627F7CE005BC419 /* OpenCVWrapper.h */,
				FB80A2B52627F803005BC419 /* OpenCVWrapper.mm */,
				FB80A2B42627F803005BC419 /* My Counter-Bridging-Header.h */,
			);
			path = Wrapper;
			sourceTree = "<group>";
		};
		FB8AA2142609946500C7C0D2 /* Models */ = {
			isa = PBXGroup;
			children = (
				FB8AA2152609947100C7C0D2 /* Template.swift */,
				FBED4854261303DA00AF0BD4 /* User.swift */,
			);
			path = Models;
			sourceTree = "<group>";
		};
		FB92D8A32622E01900599B59 /* SubView */ = {
			isa = PBXGroup;
			children = (
				FB92D8A42622E02100599B59 /* HistoryRow.swift */,
			);
			path = SubView;
			sourceTree = "<group>";
		};
		FB9703EF26141F2700FB1319 /* Add Template */ = {
			isa = PBXGroup;
			children = (
				FB9703F026141F7E00FB1319 /* AddTemplateView.swift */,
				FB9703F926144D2F00FB1319 /* AddTemplateViewModel.swift */,
			);
			path = "Add Template";
			sourceTree = "<group>";
		};
		FB97042F261459A700FB1319 /* TemplateList */ = {
			isa = PBXGroup;
			children = (
				FB970430261459B700FB1319 /* TemplateListView.swift */,
				FB97043426145C2A00FB1319 /* TemplateListViewModel.swift */,
				FB97043726145C9A00FB1319 /* SubView */,
			);
			path = TemplateList;
			sourceTree = "<group>";
		};
		FB97043726145C9A00FB1319 /* SubView */ = {
			isa = PBXGroup;
			children = (
				FB97043826145CA700FB1319 /* TemplateRow.swift */,
			);
			path = SubView;
			sourceTree = "<group>";
		};
		FBAD750026097D0A00A22FF6 /* Services */ = {
			isa = PBXGroup;
			children = (
				FBAD74F02608DDA600A22FF6 /* API.swift */,
				FB9703FC26144E6E00FB1319 /* FirebaseManager.swift */,
			);
			path = Services;
			sourceTree = "<group>";
		};
		FBAD750126097D1D00A22FF6 /* Extensions */ = {
			isa = PBXGroup;
			children = (
				FBAD74EA2608DAE200A22FF6 /* View+Hidden.swift */,
				FB80A2EB26284ACA005BC419 /* Dictionary+JSON.swift */,
				FB2A463F2622B52B00BD7AFB /* Date+Extension.swift */,
				FB80A2872627DB36005BC419 /* ThenSwift.swift */,
				FBAD74F92608E40500A22FF6 /* UIImage+Extension.swift */,
				FBE97F3E26221E3E001D34EE /* UITextView+Extension.swift */,
				FBACF9512660B2F6003BE961 /* String+Extension.swift */,
				FBED4832261264E900AF0BD4 /* Color+Extension.swift */,
				FBED482526125D7800AF0BD4 /* UIColor+Extension.swift */,
			);
			path = Extensions;
			sourceTree = "<group>";
		};
		FBAD750226097D3100A22FF6 /* UIKit View */ = {
			isa = PBXGroup;
			children = (
				FBAD74FD26097CF800A22FF6 /* UIViewControllerHolder.swift */,
				FBE97F3B26221CE0001D34EE /* UITextInputWrapper.swift */,
				FBAD74E22608D86E00A22FF6 /* PhotoPickerView.swift */,
				FB92D8792622D97600599B59 /* PreviewImage.swift */,
			);
			path = "UIKit View";
			sourceTree = "<group>";
		};
		FBC8ECC62621D61F006AA9D2 /* CountStruct */ = {
			isa = PBXGroup;
			children = (
				FBC8ECC72621D631006AA9D2 /* CountError.swift */,
				FBC8ECCA2621D643006AA9D2 /* CommonResponse.swift */,
				FB80A2E8262847C1005BC419 /* BoxResponse.swift */,
				FBC8ECD52621D74E006AA9D2 /* BaseResponse.swift */,
				FBC8ECCD2621D64F006AA9D2 /* UploadResponse.swift */,
				FB92D8722622BC8000599B59 /* CountHistory.swift */,
				FBC8ECD22621D67A006AA9D2 /* CountResponse.swift */,
			);
			path = CountStruct;
			sourceTree = "<group>";
		};
		FBED480E26125B2300AF0BD4 /* Login */ = {
			isa = PBXGroup;
			children = (
				FBED48402612F26100AF0BD4 /* ResetPassword */,
				FBED483B2612F1A400AF0BD4 /* Resgiter */,
				FBED480F26125B2B00AF0BD4 /* LoginView.swift */,
				FBED481326125B6B00AF0BD4 /* LoginViewModel.swift */,
			);
			path = Login;
			sourceTree = "<group>";
		};
		FBED481926125BE800AF0BD4 /* Config */ = {
			isa = PBXGroup;
			children = (
				FBED481626125B8700AF0BD4 /* Constants.swift */,
				FB2F37572609E7D9004629A4 /* Strings.swift */,
				FBED48452612F4C200AF0BD4 /* Colors.swift */,
				FBAD74ED2608DB6800A22FF6 /* Config.swift */,
			);
			path = Config;
			sourceTree = "<group>";
		};
		FBED481D26125CA800AF0BD4 /* Modifier */ = {
			isa = PBXGroup;
			children = (
				FBED481E26125CB200AF0BD4 /* TextSize12.swift */,
				FBED48382612673800AF0BD4 /* TextSize14.swift */,
				FB9703F326144A9B00FB1319 /* TextSize16.swift */,
			);
			path = Modifier;
			sourceTree = "<group>";
		};
		FBED483B2612F1A400AF0BD4 /* Resgiter */ = {
			isa = PBXGroup;
			children = (
				FBED483C2612F1B700AF0BD4 /* RegisterView.swift */,
			);
			path = Resgiter;
			sourceTree = "<group>";
		};
		FBED48402612F26100AF0BD4 /* ResetPassword */ = {
			isa = PBXGroup;
			children = (
				FBED48412612F26D00AF0BD4 /* ResetPasswordView.swift */,
			);
			path = ResetPassword;
			sourceTree = "<group>";
		};
		FBF4A41C2608D6780012020C = {
			isa = PBXGroup;
			children = (
				FBF4A4272608D6780012020C /* My Counter */,
				FBF4A4262608D6780012020C /* Products */,
				E8D328DFB9095D8F9074BEB6 /* Pods */,
				0D84A5C7823065DE3FABEBA8 /* Frameworks */,
			);
			sourceTree = "<group>";
		};
		FBF4A4262608D6780012020C /* Products */ = {
			isa = PBXGroup;
			children = (
				FBF4A4252608D6780012020C /* My Counter.app */,
			);
			name = Products;
			sourceTree = "<group>";
		};
		FBF4A4272608D6780012020C /* My Counter */ = {
			isa = PBXGroup;
			children = (
				FBF4A4282608D6780012020C /* AppDelegate.swift */,
				FBF4A42A2608D6780012020C /* SceneDelegate.swift */,
				FBED4808261259E800AF0BD4 /* UserLogin.swift */,
				FB5A78C426098159003BDD6A /* LaunchView.swift */,
				FBED480B26125A3100AF0BD4 /* MenuHandler.swift */,
				FBF4A42C2608D6780012020C /* ContentView.swift */,
				FB80A2B12627F7AA005BC419 /* Wrapper */,
				FBC8ECC62621D61F006AA9D2 /* CountStruct */,
				FBED481D26125CA800AF0BD4 /* Modifier */,
				FBED481926125BE800AF0BD4 /* Config */,
				FB50017D26124D8D00D17411 /* CommonView */,
				FB8AA2142609946500C7C0D2 /* Models */,
				FB5A78A926097F84003BDD6A /* Screens */,
				FBAD750226097D3100A22FF6 /* UIKit View */,
				FBAD750126097D1D00A22FF6 /* Extensions */,
				FBAD750026097D0A00A22FF6 /* Services */,
				FBF4A42E2608D67A0012020C /* Assets.xcassets */,
				FBF4A4332608D67A0012020C /* LaunchScreen.storyboard */,
				FBED487A26134E4900AF0BD4 /* GoogleService-Info.plist */,
				FBF4A4362608D67A0012020C /* Info.plist */,
				FBF4A4302608D67A0012020C /* Preview Content */,
			);
			path = "My Counter";
			sourceTree = "<group>";
		};
		FBF4A4302608D67A0012020C /* Preview Content */ = {
			isa = PBXGroup;
			children = (
				FBF4A4312608D67A0012020C /* Preview Assets.xcassets */,
			);
			path = "Preview Content";
			sourceTree = "<group>";
		};
/* End PBXGroup section */

/* Begin PBXNativeTarget section */
		FBF4A4242608D6780012020C /* My Counter */ = {
			isa = PBXNativeTarget;
			buildConfigurationList = FBF4A4392608D67A0012020C /* Build configuration list for PBXNativeTarget "My Counter" */;
			buildPhases = (
				489835A5C630F3448E1377FC /* [CP] Check Pods Manifest.lock */,
				FBF4A4212608D6780012020C /* Sources */,
				FBF4A4222608D6780012020C /* Frameworks */,
				FBF4A4232608D6780012020C /* Resources */,
				1D3A50C91EBF5952CDF55D3F /* [CP] Embed Pods Frameworks */,
				FB8FEBE3EC5AA3F3F718D777 /* [CP] Copy Pods Resources */,
			);
			buildRules = (
			);
			dependencies = (
			);
			name = "My Counter";
			packageProductDependencies = (
				FB8AA20A26098E8100C7C0D2 /* PartialSheet */,
				FB683C9326204D80006FDE43 /* SwiftUIListSeparator */,
			);
			productName = "My Counter";
			productReference = FBF4A4252608D6780012020C /* My Counter.app */;
			productType = "com.apple.product-type.application";
		};
/* End PBXNativeTarget section */

/* Begin PBXProject section */
		FBF4A41D2608D6780012020C /* Project object */ = {
			isa = PBXProject;
			attributes = {
				LastSwiftUpdateCheck = 1240;
				LastUpgradeCheck = 1240;
				TargetAttributes = {
					FBF4A4242608D6780012020C = {
						CreatedOnToolsVersion = 12.4;
						LastSwiftMigration = 1240;
					};
				};
			};
			buildConfigurationList = FBF4A4202608D6780012020C /* Build configuration list for PBXProject "My Counter" */;
			compatibilityVersion = "Xcode 9.3";
			developmentRegion = en;
			hasScannedForEncodings = 0;
			knownRegions = (
				en,
				Base,
			);
			mainGroup = FBF4A41C2608D6780012020C;
			packageReferences = (
				FB8AA20926098E8100C7C0D2 /* XCRemoteSwiftPackageReference "PartialSheet" */,
				FB683C9226204D80006FDE43 /* XCRemoteSwiftPackageReference "SwiftUIListSeparator" */,
			);
			productRefGroup = FBF4A4262608D6780012020C /* Products */;
			projectDirPath = "";
			projectRoot = "";
			targets = (
				FBF4A4242608D6780012020C /* My Counter */,
			);
		};
/* End PBXProject section */

/* Begin PBXResourcesBuildPhase section */
		FBF4A4232608D6780012020C /* Resources */ = {
			isa = PBXResourcesBuildPhase;
			buildActionMask = 2147483647;
			files = (
				FBF4A4352608D67A0012020C /* LaunchScreen.storyboard in Resources */,
				FBED487B26134E4900AF0BD4 /* GoogleService-Info.plist in Resources */,
				FBF4A4322608D67A0012020C /* Preview Assets.xcassets in Resources */,
				FBF4A42F2608D67A0012020C /* Assets.xcassets in Resources */,
			);
			runOnlyForDeploymentPostprocessing = 0;
		};
/* End PBXResourcesBuildPhase section */

/* Begin PBXShellScriptBuildPhase section */
		1D3A50C91EBF5952CDF55D3F /* [CP] Embed Pods Frameworks */ = {
			isa = PBXShellScriptBuildPhase;
			buildActionMask = 2147483647;
			files = (
			);
			inputFileListPaths = (
				"${PODS_ROOT}/Target Support Files/Pods-My Counter/Pods-My Counter-frameworks-${CONFIGURATION}-input-files.xcfilelist",
			);
			name = "[CP] Embed Pods Frameworks";
			outputFileListPaths = (
				"${PODS_ROOT}/Target Support Files/Pods-My Counter/Pods-My Counter-frameworks-${CONFIGURATION}-output-files.xcfilelist",
			);
			runOnlyForDeploymentPostprocessing = 0;
			shellPath = /bin/sh;
			shellScript = "\"${PODS_ROOT}/Target Support Files/Pods-My Counter/Pods-My Counter-frameworks.sh\"\n";
			showEnvVarsInLog = 0;
		};
		489835A5C630F3448E1377FC /* [CP] Check Pods Manifest.lock */ = {
			isa = PBXShellScriptBuildPhase;
			buildActionMask = 2147483647;
			files = (
			);
			inputFileListPaths = (
			);
			inputPaths = (
				"${PODS_PODFILE_DIR_PATH}/Podfile.lock",
				"${PODS_ROOT}/Manifest.lock",
			);
			name = "[CP] Check Pods Manifest.lock";
			outputFileListPaths = (
			);
			outputPaths = (
				"$(DERIVED_FILE_DIR)/Pods-My Counter-checkManifestLockResult.txt",
			);
			runOnlyForDeploymentPostprocessing = 0;
			shellPath = /bin/sh;
			shellScript = "diff \"${PODS_PODFILE_DIR_PATH}/Podfile.lock\" \"${PODS_ROOT}/Manifest.lock\" > /dev/null\nif [ $? != 0 ] ; then\n    # print error to STDERR\n    echo \"error: The sandbox is not in sync with the Podfile.lock. Run 'pod install' or update your CocoaPods installation.\" >&2\n    exit 1\nfi\n# This output is used by Xcode 'outputs' to avoid re-running this script phase.\necho \"SUCCESS\" > \"${SCRIPT_OUTPUT_FILE_0}\"\n";
			showEnvVarsInLog = 0;
		};
		FB8FEBE3EC5AA3F3F718D777 /* [CP] Copy Pods Resources */ = {
			isa = PBXShellScriptBuildPhase;
			buildActionMask = 2147483647;
			files = (
			);
			inputFileListPaths = (
				"${PODS_ROOT}/Target Support Files/Pods-My Counter/Pods-My Counter-resources-${CONFIGURATION}-input-files.xcfilelist",
			);
			name = "[CP] Copy Pods Resources";
			outputFileListPaths = (
				"${PODS_ROOT}/Target Support Files/Pods-My Counter/Pods-My Counter-resources-${CONFIGURATION}-output-files.xcfilelist",
			);
			runOnlyForDeploymentPostprocessing = 0;
			shellPath = /bin/sh;
			shellScript = "\"${PODS_ROOT}/Target Support Files/Pods-My Counter/Pods-My Counter-resources.sh\"\n";
			showEnvVarsInLog = 0;
		};
/* End PBXShellScriptBuildPhase section */

/* Begin PBXSourcesBuildPhase section */
		FBF4A4212608D6780012020C /* Sources */ = {
			isa = PBXSourcesBuildPhase;
			buildActionMask = 2147483647;
			files = (
				FBED482326125CF900AF0BD4 /* SecureTextFiled.swift in Sources */,
				FB8AA2162609947100C7C0D2 /* Template.swift in Sources */,
				FBED4809261259E800AF0BD4 /* UserLogin.swift in Sources */,
				FBED482626125D7800AF0BD4 /* UIColor+Extension.swift in Sources */,
				FB2A46402622B52B00BD7AFB /* Date+Extension.swift in Sources */,
				FB92D8A52622E02100599B59 /* HistoryRow.swift in Sources */,
				FB2F37502609D4AC004629A4 /* HomeViewModel.swift in Sources */,
				FB2F37582609E7DA004629A4 /* Strings.swift in Sources */,
				FB50017F26124DB700D17411 /* CheckView.swift in Sources */,
				FBED481726125B8700AF0BD4 /* Constants.swift in Sources */,
				FBAD74FE26097CF800A22FF6 /* UIViewControllerHolder.swift in Sources */,
				FBED48362612665D00AF0BD4 /* RectangleButton.swift in Sources */,
				FB9703FA26144D2F00FB1319 /* AddTemplateViewModel.swift in Sources */,
				FB92D8A12622DDC100599B59 /* HistoryViewModel.swift in Sources */,
				FB6A18E026257D0A00BAD0CB /* ProfileViewModel.swift in Sources */,
				FB5A78C526098159003BDD6A /* LaunchView.swift in Sources */,
				FB9703FD26144E6E00FB1319 /* FirebaseManager.swift in Sources */,
				FB97043526145C2A00FB1319 /* TemplateListViewModel.swift in Sources */,
				FB9703F726144AFF00FB1319 /* MenuActionRowView.swift in Sources */,
				FBAD74EB2608DAE200A22FF6 /* View+Hidden.swift in Sources */,
				FB6A18DC26257CFA00BAD0CB /* ProfileView.swift in Sources */,
				FB9703F426144A9B00FB1319 /* TextSize16.swift in Sources */,
				FBED48392612673800AF0BD4 /* TextSize14.swift in Sources */,
				FBED483D2612F1B700AF0BD4 /* RegisterView.swift in Sources */,
				FB9703F126141F7E00FB1319 /* AddTemplateView.swift in Sources */,
				FB8AA2122609944F00C7C0D2 /* TemplateCell.swift in Sources */,
				FB970431261459B700FB1319 /* TemplateListView.swift in Sources */,
				FB80A2EC26284ACA005BC419 /* Dictionary+JSON.swift in Sources */,
				FBF4A4292608D6780012020C /* AppDelegate.swift in Sources */,
				FBF4A42B2608D6780012020C /* SceneDelegate.swift in Sources */,
				FBF4A42D2608D6780012020C /* ContentView.swift in Sources */,
				FB5A78B22609802D003BDD6A /* HomeView.swift in Sources */,
				FB5A78C8260982A3003BDD6A /* MenuView.swift in Sources */,
				FB2F37532609E685004629A4 /* TemplateCollectionView.swift in Sources */,
				FB6A195C262592EB00BAD0CB /* RatingView.swift in Sources */,
				FBED48062612597700AF0BD4 /* MenuViewModel.swift in Sources */,
				FBC8ECCE2621D64F006AA9D2 /* UploadResponse.swift in Sources */,
				FBC8ECD32621D67A006AA9D2 /* CountResponse.swift in Sources */,
				FB2A463D2622AD1A00BD7AFB /* HistoryView.swift in Sources */,
				FBE97F3626221C6F001D34EE /* ActivityIndicator.swift in Sources */,
				FB8AA26E26099A5200C7C0D2 /* CountViewModel.swift in Sources */,
				FB6A1908262583AB00BAD0CB /* ProfileUIKitView.swift in Sources */,
				FB92D8732622BC8000599B59 /* CountHistory.swift in Sources */,
				FBC8ECD62621D74E006AA9D2 /* BaseResponse.swift in Sources */,
				FBAD74E32608D86E00A22FF6 /* PhotoPickerView.swift in Sources */,
				FBE97F3F26221E3E001D34EE /* UITextView+Extension.swift in Sources */,
				FB97043926145CA700FB1319 /* TemplateRow.swift in Sources */,
				FB50018226124DD100D17411 /* MainButtonView.swift in Sources */,
				FBED481426125B6B00AF0BD4 /* LoginViewModel.swift in Sources */,
				FB92D87A2622D97600599B59 /* PreviewImage.swift in Sources */,
				FBAD74FA2608E40500A22FF6 /* UIImage+Extension.swift in Sources */,
				FBED4855261303DA00AF0BD4 /* User.swift in Sources */,
				FBED481026125B2B00AF0BD4 /* LoginView.swift in Sources */,
				FBED480C26125A3100AF0BD4 /* MenuHandler.swift in Sources */,
				FB4916AE2609EA4600B64148 /* ProfileMenuView.swift in Sources */,
				FBED481B26125C8900AF0BD4 /* MainTextFiled.swift in Sources */,
				FBAD74EE2608DB6800A22FF6 /* Config.swift in Sources */,
				FBED48422612F26D00AF0BD4 /* ResetPasswordView.swift in Sources */,
				FB80A2882627DB36005BC419 /* ThenSwift.swift in Sources */,
				FBE97F3C26221CE0001D34EE /* UITextInputWrapper.swift in Sources */,
				FBED48462612F4C200AF0BD4 /* Colors.swift in Sources */,
				FBC8ECC82621D631006AA9D2 /* CountError.swift in Sources */,
				FBEA7BDB265F9CF100F03327 /* CountMethod.swift in Sources */,
				FB5A78AB26097FA6003BDD6A /* CountView.swift in Sources */,
				FB80A2B62627F803005BC419 /* OpenCVWrapper.mm in Sources */,
				FB80A2EF26284F34005BC419 /* CircleShape.swift in Sources */,
				FB80A2E9262847C1005BC419 /* BoxResponse.swift in Sources */,
				FBACF9522660B2F6003BE961 /* String+Extension.swift in Sources */,
				FBED4833261264E900AF0BD4 /* Color+Extension.swift in Sources */,
				FBC8ECCB2621D643006AA9D2 /* CommonResponse.swift in Sources */,
				FBE97F3926221C89001D34EE /* TextInputAutoHeight.swift in Sources */,
				FBAD74F12608DDA600A22FF6 /* API.swift in Sources */,
				FBED481F26125CB200AF0BD4 /* TextSize12.swift in Sources */,
			);
			runOnlyForDeploymentPostprocessing = 0;
		};
/* End PBXSourcesBuildPhase section */

/* Begin PBXVariantGroup section */
		FBF4A4332608D67A0012020C /* LaunchScreen.storyboard */ = {
			isa = PBXVariantGroup;
			children = (
				FBF4A4342608D67A0012020C /* Base */,
			);
			name = LaunchScreen.storyboard;
			sourceTree = "<group>";
		};
/* End PBXVariantGroup section */

/* Begin XCBuildConfiguration section */
		FBF4A4372608D67A0012020C /* Debug */ = {
			isa = XCBuildConfiguration;
			buildSettings = {
				ALWAYS_SEARCH_USER_PATHS = NO;
				CLANG_ANALYZER_NONNULL = YES;
				CLANG_ANALYZER_NUMBER_OBJECT_CONVERSION = YES_AGGRESSIVE;
				CLANG_CXX_LANGUAGE_STANDARD = "gnu++14";
				CLANG_CXX_LIBRARY = "libc++";
				CLANG_ENABLE_MODULES = YES;
				CLANG_ENABLE_OBJC_ARC = YES;
				CLANG_ENABLE_OBJC_WEAK = YES;
				CLANG_WARN_BLOCK_CAPTURE_AUTORELEASING = YES;
				CLANG_WARN_BOOL_CONVERSION = YES;
				CLANG_WARN_COMMA = YES;
				CLANG_WARN_CONSTANT_CONVERSION = YES;
				CLANG_WARN_DEPRECATED_OBJC_IMPLEMENTATIONS = YES;
				CLANG_WARN_DIRECT_OBJC_ISA_USAGE = YES_ERROR;
				CLANG_WARN_DOCUMENTATION_COMMENTS = YES;
				CLANG_WARN_EMPTY_BODY = YES;
				CLANG_WARN_ENUM_CONVERSION = YES;
				CLANG_WARN_INFINITE_RECURSION = YES;
				CLANG_WARN_INT_CONVERSION = YES;
				CLANG_WARN_NON_LITERAL_NULL_CONVERSION = YES;
				CLANG_WARN_OBJC_IMPLICIT_RETAIN_SELF = YES;
				CLANG_WARN_OBJC_LITERAL_CONVERSION = YES;
				CLANG_WARN_OBJC_ROOT_CLASS = YES_ERROR;
				CLANG_WARN_QUOTED_INCLUDE_IN_FRAMEWORK_HEADER = YES;
				CLANG_WARN_RANGE_LOOP_ANALYSIS = YES;
				CLANG_WARN_STRICT_PROTOTYPES = YES;
				CLANG_WARN_SUSPICIOUS_MOVE = YES;
				CLANG_WARN_UNGUARDED_AVAILABILITY = YES_AGGRESSIVE;
				CLANG_WARN_UNREACHABLE_CODE = YES;
				CLANG_WARN__DUPLICATE_METHOD_MATCH = YES;
				COPY_PHASE_STRIP = NO;
				DEBUG_INFORMATION_FORMAT = dwarf;
				ENABLE_STRICT_OBJC_MSGSEND = YES;
				ENABLE_TESTABILITY = YES;
				GCC_C_LANGUAGE_STANDARD = gnu11;
				GCC_DYNAMIC_NO_PIC = NO;
				GCC_NO_COMMON_BLOCKS = YES;
				GCC_OPTIMIZATION_LEVEL = 0;
				GCC_PREPROCESSOR_DEFINITIONS = (
					"DEBUG=1",
					"$(inherited)",
				);
				GCC_WARN_64_TO_32_BIT_CONVERSION = YES;
				GCC_WARN_ABOUT_RETURN_TYPE = YES_ERROR;
				GCC_WARN_UNDECLARED_SELECTOR = YES;
				GCC_WARN_UNINITIALIZED_AUTOS = YES_AGGRESSIVE;
				GCC_WARN_UNUSED_FUNCTION = YES;
				GCC_WARN_UNUSED_VARIABLE = YES;
				IPHONEOS_DEPLOYMENT_TARGET = 13.0;
				MTL_ENABLE_DEBUG_INFO = INCLUDE_SOURCE;
				MTL_FAST_MATH = YES;
				ONLY_ACTIVE_ARCH = YES;
				SDKROOT = iphoneos;
				SWIFT_ACTIVE_COMPILATION_CONDITIONS = DEBUG;
				SWIFT_OPTIMIZATION_LEVEL = "-Onone";
			};
			name = Debug;
		};
		FBF4A4382608D67A0012020C /* Release */ = {
			isa = XCBuildConfiguration;
			buildSettings = {
				ALWAYS_SEARCH_USER_PATHS = NO;
				CLANG_ANALYZER_NONNULL = YES;
				CLANG_ANALYZER_NUMBER_OBJECT_CONVERSION = YES_AGGRESSIVE;
				CLANG_CXX_LANGUAGE_STANDARD = "gnu++14";
				CLANG_CXX_LIBRARY = "libc++";
				CLANG_ENABLE_MODULES = YES;
				CLANG_ENABLE_OBJC_ARC = YES;
				CLANG_ENABLE_OBJC_WEAK = YES;
				CLANG_WARN_BLOCK_CAPTURE_AUTORELEASING = YES;
				CLANG_WARN_BOOL_CONVERSION = YES;
				CLANG_WARN_COMMA = YES;
				CLANG_WARN_CONSTANT_CONVERSION = YES;
				CLANG_WARN_DEPRECATED_OBJC_IMPLEMENTATIONS = YES;
				CLANG_WARN_DIRECT_OBJC_ISA_USAGE = YES_ERROR;
				CLANG_WARN_DOCUMENTATION_COMMENTS = YES;
				CLANG_WARN_EMPTY_BODY = YES;
				CLANG_WARN_ENUM_CONVERSION = YES;
				CLANG_WARN_INFINITE_RECURSION = YES;
				CLANG_WARN_INT_CONVERSION = YES;
				CLANG_WARN_NON_LITERAL_NULL_CONVERSION = YES;
				CLANG_WARN_OBJC_IMPLICIT_RETAIN_SELF = YES;
				CLANG_WARN_OBJC_LITERAL_CONVERSION = YES;
				CLANG_WARN_OBJC_ROOT_CLASS = YES_ERROR;
				CLANG_WARN_QUOTED_INCLUDE_IN_FRAMEWORK_HEADER = YES;
				CLANG_WARN_RANGE_LOOP_ANALYSIS = YES;
				CLANG_WARN_STRICT_PROTOTYPES = YES;
				CLANG_WARN_SUSPICIOUS_MOVE = YES;
				CLANG_WARN_UNGUARDED_AVAILABILITY = YES_AGGRESSIVE;
				CLANG_WARN_UNREACHABLE_CODE = YES;
				CLANG_WARN__DUPLICATE_METHOD_MATCH = YES;
				COPY_PHASE_STRIP = NO;
				DEBUG_INFORMATION_FORMAT = "dwarf-with-dsym";
				ENABLE_NS_ASSERTIONS = NO;
				ENABLE_STRICT_OBJC_MSGSEND = YES;
				GCC_C_LANGUAGE_STANDARD = gnu11;
				GCC_NO_COMMON_BLOCKS = YES;
				GCC_WARN_64_TO_32_BIT_CONVERSION = YES;
				GCC_WARN_ABOUT_RETURN_TYPE = YES_ERROR;
				GCC_WARN_UNDECLARED_SELECTOR = YES;
				GCC_WARN_UNINITIALIZED_AUTOS = YES_AGGRESSIVE;
				GCC_WARN_UNUSED_FUNCTION = YES;
				GCC_WARN_UNUSED_VARIABLE = YES;
				IPHONEOS_DEPLOYMENT_TARGET = 13.0;
				MTL_ENABLE_DEBUG_INFO = NO;
				MTL_FAST_MATH = YES;
				SDKROOT = iphoneos;
				SWIFT_COMPILATION_MODE = wholemodule;
				SWIFT_OPTIMIZATION_LEVEL = "-O";
				VALIDATE_PRODUCT = YES;
			};
			name = Release;
		};
		FBF4A43A2608D67A0012020C /* Debug */ = {
			isa = XCBuildConfiguration;
			baseConfigurationReference = 901CF62BA4A7F6B67C2865DF /* Pods-My Counter.debug.xcconfig */;
			buildSettings = {
				ASSETCATALOG_COMPILER_APPICON_NAME = AppIcon;
				ASSETCATALOG_COMPILER_GLOBAL_ACCENT_COLOR_NAME = AccentColor;
				CLANG_ENABLE_MODULES = YES;
				CODE_SIGN_IDENTITY = "Apple Development";
				CODE_SIGN_STYLE = Automatic;
				DEVELOPMENT_ASSET_PATHS = "\"My Counter/Preview Content\"";
				DEVELOPMENT_TEAM = S423MR2Z88;
				ENABLE_PREVIEWS = YES;
				INFOPLIST_FILE = "My Counter/Info.plist";
				LD_RUNPATH_SEARCH_PATHS = (
					"$(inherited)",
					"@executable_path/Frameworks",
				);
				PRODUCT_BUNDLE_IDENTIFIER = "com.c2c-platform.drone.dev1";
				PRODUCT_NAME = "$(TARGET_NAME)";
				PROVISIONING_PROFILE_SPECIFIER = "";
				SWIFT_OBJC_BRIDGING_HEADER = "My Counter/Wrapper/My Counter-Bridging-Header.h";
				SWIFT_OPTIMIZATION_LEVEL = "-Onone";
				SWIFT_VERSION = 5.0;
				TARGETED_DEVICE_FAMILY = "1,2";
			};
			name = Debug;
		};
		FBF4A43B2608D67A0012020C /* Release */ = {
			isa = XCBuildConfiguration;
			baseConfigurationReference = 573B9A88502A9B5DE04D2ECE /* Pods-My Counter.release.xcconfig */;
			buildSettings = {
				ASSETCATALOG_COMPILER_APPICON_NAME = AppIcon;
				ASSETCATALOG_COMPILER_GLOBAL_ACCENT_COLOR_NAME = AccentColor;
				CLANG_ENABLE_MODULES = YES;
				CODE_SIGN_IDENTITY = "Apple Development";
				CODE_SIGN_STYLE = Automatic;
				DEVELOPMENT_ASSET_PATHS = "\"My Counter/Preview Content\"";
				DEVELOPMENT_TEAM = S423MR2Z88;
				ENABLE_PREVIEWS = YES;
				INFOPLIST_FILE = "My Counter/Info.plist";
				LD_RUNPATH_SEARCH_PATHS = (
					"$(inherited)",
					"@executable_path/Frameworks",
				);
				PRODUCT_BUNDLE_IDENTIFIER = "com.c2c-platform.drone.dev1";
				PRODUCT_NAME = "$(TARGET_NAME)";
				PROVISIONING_PROFILE_SPECIFIER = "";
				SWIFT_OBJC_BRIDGING_HEADER = "My Counter/Wrapper/My Counter-Bridging-Header.h";
				SWIFT_VERSION = 5.0;
				TARGETED_DEVICE_FAMILY = "1,2";
			};
			name = Release;
		};
/* End XCBuildConfiguration section */

/* Begin XCConfigurationList section */
		FBF4A4202608D6780012020C /* Build configuration list for PBXProject "My Counter" */ = {
			isa = XCConfigurationList;
			buildConfigurations = (
				FBF4A4372608D67A0012020C /* Debug */,
				FBF4A4382608D67A0012020C /* Release */,
			);
			defaultConfigurationIsVisible = 0;
			defaultConfigurationName = Release;
		};
		FBF4A4392608D67A0012020C /* Build configuration list for PBXNativeTarget "My Counter" */ = {
			isa = XCConfigurationList;
			buildConfigurations = (
				FBF4A43A2608D67A0012020C /* Debug */,
				FBF4A43B2608D67A0012020C /* Release */,
			);
			defaultConfigurationIsVisible = 0;
			defaultConfigurationName = Release;
		};
/* End XCConfigurationList section */

/* Begin XCRemoteSwiftPackageReference section */
		FB683C9226204D80006FDE43 /* XCRemoteSwiftPackageReference "SwiftUIListSeparator" */ = {
			isa = XCRemoteSwiftPackageReference;
			repositoryURL = "https://github.com/SchmidtyApps/SwiftUIListSeparator";
			requirement = {
				kind = upToNextMajorVersion;
				minimumVersion = 1.0.0;
			};
		};
		FB8AA20926098E8100C7C0D2 /* XCRemoteSwiftPackageReference "PartialSheet" */ = {
			isa = XCRemoteSwiftPackageReference;
			repositoryURL = "https://github.com/AndreaMiotto/PartialSheet.git";
			requirement = {
				kind = upToNextMajorVersion;
				minimumVersion = 2.1.11;
			};
		};
/* End XCRemoteSwiftPackageReference section */

/* Begin XCSwiftPackageProductDependency section */
		FB683C9326204D80006FDE43 /* SwiftUIListSeparator */ = {
			isa = XCSwiftPackageProductDependency;
			package = FB683C9226204D80006FDE43 /* XCRemoteSwiftPackageReference "SwiftUIListSeparator" */;
			productName = SwiftUIListSeparator;
		};
		FB8AA20A26098E8100C7C0D2 /* PartialSheet */ = {
			isa = XCSwiftPackageProductDependency;
			package = FB8AA20926098E8100C7C0D2 /* XCRemoteSwiftPackageReference "PartialSheet" */;
			productName = PartialSheet;
		};
/* End XCSwiftPackageProductDependency section */
	};
	rootObject = FBF4A41D2608D6780012020C /* Project object */;
}
